
Microsoft Visual Studio Solution File, Format Version 12.00
# Visual Studio Version 17
VisualStudioVersion = 17.10.35122.118
MinimumVisualStudioVersion = 10.0.40219.1
Project("{8BC9CEB8-8B4A-11D0-8D11-00A0C91BC942}") = "Test", "Test\Test.vcxproj", "{07417A09-2C76-487E-BC89-9BB703CE532B}"
EndProject
Project("{8BC9CEB8-8B4A-11D0-8D11-00A0C91BC942}") = "HPSocketLIB", "HPSocket\HPSocketLIB\HPSocketLIB.vcxproj", "{D73A44FF-8818-41EC-8A8E-C36280F0832C}"
EndProject
Project("{FAE04EC0-301F-11D3-BF4B-00C04F79EFBC}") = "TestDmtpServer", "TestDmtpServer\TestDmtpServer.csproj", "{8138A874-A0EF-48B3-8939-2AAE0F31CE4D}"
EndProject
Project("{FAE04EC0-301F-11D3-BF4B-00C04F79EFBC}") = "TestDmtpClient", "TestDmtpClient\TestDmtpClient.csproj", "{A40245AE-844D-4A92-B8D4-67F7ABB82786}"
EndProject
Project("{8BC9CEB8-8B4A-11D0-8D11-00A0C91BC942}") = "Dmtp", "Dmtp\Dmtp.vcxproj", "{30353645-A2CD-4C2D-A2C1-B963614DDA08}"
EndProject
Project("{8BC9CEB8-8B4A-11D0-8D11-00A0C91BC942}") = "HPSocket.Dmtp", "HPSocket.Dmtp\HPSocket.Dmtp.vcxproj", "{051003BB-2EB0-4590-B2B1-2923F9DD3ABD}"
EndProject
Global
	GlobalSection(SolutionConfigurationPlatforms) = preSolution
		Debug|Any CPU = Debug|Any CPU
		Debug|x64 = Debug|x64
		Debug|x86 = Debug|x86
		Release|Any CPU = Release|Any CPU
		Release|x64 = Release|x64
		Release|x86 = Release|x86
		uDebug|Any CPU = uDebug|Any CPU
		uDebug|x64 = uDebug|x64
		uDebug|x86 = uDebug|x86
		uRelease|Any CPU = uRelease|Any CPU
		uRelease|x64 = uRelease|x64
		uRelease|x86 = uRelease|x86
	EndGlobalSection
	GlobalSection(ProjectConfigurationPlatforms) = postSolution
		{07417A09-2C76-487E-BC89-9BB703CE532B}.Debug|Any CPU.ActiveCfg = Debug|x64
		{07417A09-2C76-487E-BC89-9BB703CE532B}.Debug|Any CPU.Build.0 = Debug|x64
		{07417A09-2C76-487E-BC89-9BB703CE532B}.Debug|x64.ActiveCfg = Debug|x64
		{07417A09-2C76-487E-BC89-9BB703CE532B}.Debug|x64.Build.0 = Debug|x64
		{07417A09-2C76-487E-BC89-9BB703CE532B}.Debug|x86.ActiveCfg = Debug|Win32
		{07417A09-2C76-487E-BC89-9BB703CE532B}.Debug|x86.Build.0 = Debug|Win32
		{07417A09-2C76-487E-BC89-9BB703CE532B}.Release|Any CPU.ActiveCfg = Release|x64
		{07417A09-2C76-487E-BC89-9BB703CE532B}.Release|Any CPU.Build.0 = Release|x64
		{07417A09-2C76-487E-BC89-9BB703CE532B}.Release|x64.ActiveCfg = Release|x64
		{07417A09-2C76-487E-BC89-9BB703CE532B}.Release|x64.Build.0 = Release|x64
		{07417A09-2C76-487E-BC89-9BB703CE532B}.Release|x86.ActiveCfg = Release|Win32
		{07417A09-2C76-487E-BC89-9BB703CE532B}.Release|x86.Build.0 = Release|Win32
		{07417A09-2C76-487E-BC89-9BB703CE532B}.uDebug|Any CPU.ActiveCfg = Debug|x64
		{07417A09-2C76-487E-BC89-9BB703CE532B}.uDebug|Any CPU.Build.0 = Debug|x64
		{07417A09-2C76-487E-BC89-9BB703CE532B}.uDebug|x64.ActiveCfg = Debug|x64
		{07417A09-2C76-487E-BC89-9BB703CE532B}.uDebug|x64.Build.0 = Debug|x64
		{07417A09-2C76-487E-BC89-9BB703CE532B}.uDebug|x86.ActiveCfg = Debug|Win32
		{07417A09-2C76-487E-BC89-9BB703CE532B}.uDebug|x86.Build.0 = Debug|Win32
		{07417A09-2C76-487E-BC89-9BB703CE532B}.uRelease|Any CPU.ActiveCfg = Release|x64
		{07417A09-2C76-487E-BC89-9BB703CE532B}.uRelease|Any CPU.Build.0 = Release|x64
		{07417A09-2C76-487E-BC89-9BB703CE532B}.uRelease|x64.ActiveCfg = Release|x64
		{07417A09-2C76-487E-BC89-9BB703CE532B}.uRelease|x64.Build.0 = Release|x64
		{07417A09-2C76-487E-BC89-9BB703CE532B}.uRelease|x86.ActiveCfg = Release|Win32
		{07417A09-2C76-487E-BC89-9BB703CE532B}.uRelease|x86.Build.0 = Release|Win32
		{D73A44FF-8818-41EC-8A8E-C36280F0832C}.Debug|Any CPU.ActiveCfg = Debug|x64
		{D73A44FF-8818-41EC-8A8E-C36280F0832C}.Debug|Any CPU.Build.0 = Debug|x64
		{D73A44FF-8818-41EC-8A8E-C36280F0832C}.Debug|x64.ActiveCfg = Debug|x64
		{D73A44FF-8818-41EC-8A8E-C36280F0832C}.Debug|x64.Build.0 = Debug|x64
		{D73A44FF-8818-41EC-8A8E-C36280F0832C}.Debug|x86.ActiveCfg = Debug|Win32
		{D73A44FF-8818-41EC-8A8E-C36280F0832C}.Debug|x86.Build.0 = Debug|Win32
		{D73A44FF-8818-41EC-8A8E-C36280F0832C}.Release|Any CPU.ActiveCfg = Release|x64
		{D73A44FF-8818-41EC-8A8E-C36280F0832C}.Release|Any CPU.Build.0 = Release|x64
		{D73A44FF-8818-41EC-8A8E-C36280F0832C}.Release|x64.ActiveCfg = Release|x64
		{D73A44FF-8818-41EC-8A8E-C36280F0832C}.Release|x64.Build.0 = Release|x64
		{D73A44FF-8818-41EC-8A8E-C36280F0832C}.Release|x86.ActiveCfg = Release|Win32
		{D73A44FF-8818-41EC-8A8E-C36280F0832C}.Release|x86.Build.0 = Release|Win32
		{D73A44FF-8818-41EC-8A8E-C36280F0832C}.uDebug|Any CPU.ActiveCfg = uDebug|x64
		{D73A44FF-8818-41EC-8A8E-C36280F0832C}.uDebug|Any CPU.Build.0 = uDebug|x64
		{D73A44FF-8818-41EC-8A8E-C36280F0832C}.uDebug|x64.ActiveCfg = uDebug|x64
		{D73A44FF-8818-41EC-8A8E-C36280F0832C}.uDebug|x64.Build.0 = uDebug|x64
		{D73A44FF-8818-41EC-8A8E-C36280F0832C}.uDebug|x86.ActiveCfg = uDebug|Win32
		{D73A44FF-8818-41EC-8A8E-C36280F0832C}.uDebug|x86.Build.0 = uDebug|Win32
		{D73A44FF-8818-41EC-8A8E-C36280F0832C}.uRelease|Any CPU.ActiveCfg = uRelease|x64
		{D73A44FF-8818-41EC-8A8E-C36280F0832C}.uRelease|Any CPU.Build.0 = uRelease|x64
		{D73A44FF-8818-41EC-8A8E-C36280F0832C}.uRelease|x64.ActiveCfg = uRelease|x64
		{D73A44FF-8818-41EC-8A8E-C36280F0832C}.uRelease|x64.Build.0 = uRelease|x64
		{D73A44FF-8818-41EC-8A8E-C36280F0832C}.uRelease|x86.ActiveCfg = uRelease|Win32
		{D73A44FF-8818-41EC-8A8E-C36280F0832C}.uRelease|x86.Build.0 = uRelease|Win32
		{8138A874-A0EF-48B3-8939-2AAE0F31CE4D}.Debug|Any CPU.ActiveCfg = Debug|Any CPU
		{8138A874-A0EF-48B3-8939-2AAE0F31CE4D}.Debug|Any CPU.Build.0 = Debug|Any CPU
		{8138A874-A0EF-48B3-8939-2AAE0F31CE4D}.Debug|x64.ActiveCfg = Debug|Any CPU
		{8138A874-A0EF-48B3-8939-2AAE0F31CE4D}.Debug|x64.Build.0 = Debug|Any CPU
		{8138A874-A0EF-48B3-8939-2AAE0F31CE4D}.Debug|x86.ActiveCfg = Debug|Any CPU
		{8138A874-A0EF-48B3-8939-2AAE0F31CE4D}.Debug|x86.Build.0 = Debug|Any CPU
		{8138A874-A0EF-48B3-8939-2AAE0F31CE4D}.Release|Any CPU.ActiveCfg = Release|Any CPU
		{8138A874-A0EF-48B3-8939-2AAE0F31CE4D}.Release|Any CPU.Build.0 = Release|Any CPU
		{8138A874-A0EF-48B3-8939-2AAE0F31CE4D}.Release|x64.ActiveCfg = Release|Any CPU
		{8138A874-A0EF-48B3-8939-2AAE0F31CE4D}.Release|x64.Build.0 = Release|Any CPU
		{8138A874-A0EF-48B3-8939-2AAE0F31CE4D}.Release|x86.ActiveCfg = Release|Any CPU
		{8138A874-A0EF-48B3-8939-2AAE0F31CE4D}.Release|x86.Build.0 = Release|Any CPU
		{8138A874-A0EF-48B3-8939-2AAE0F31CE4D}.uDebug|Any CPU.ActiveCfg = Debug|Any CPU
		{8138A874-A0EF-48B3-8939-2AAE0F31CE4D}.uDebug|Any CPU.Build.0 = Debug|Any CPU
		{8138A874-A0EF-48B3-8939-2AAE0F31CE4D}.uDebug|x64.ActiveCfg = Debug|Any CPU
		{8138A874-A0EF-48B3-8939-2AAE0F31CE4D}.uDebug|x64.Build.0 = Debug|Any CPU
		{8138A874-A0EF-48B3-8939-2AAE0F31CE4D}.uDebug|x86.ActiveCfg = Debug|Any CPU
		{8138A874-A0EF-48B3-8939-2AAE0F31CE4D}.uDebug|x86.Build.0 = Debug|Any CPU
		{8138A874-A0EF-48B3-8939-2AAE0F31CE4D}.uRelease|Any CPU.ActiveCfg = Release|Any CPU
		{8138A874-A0EF-48B3-8939-2AAE0F31CE4D}.uRelease|Any CPU.Build.0 = Release|Any CPU
		{8138A874-A0EF-48B3-8939-2AAE0F31CE4D}.uRelease|x64.ActiveCfg = Release|Any CPU
		{8138A874-A0EF-48B3-8939-2AAE0F31CE4D}.uRelease|x64.Build.0 = Release|Any CPU
		{8138A874-A0EF-48B3-8939-2AAE0F31CE4D}.uRelease|x86.ActiveCfg = Release|Any CPU
		{8138A874-A0EF-48B3-8939-2AAE0F31CE4D}.uRelease|x86.Build.0 = Release|Any CPU
		{A40245AE-844D-4A92-B8D4-67F7ABB82786}.Debug|Any CPU.ActiveCfg = Debug|Any CPU
		{A40245AE-844D-4A92-B8D4-67F7ABB82786}.Debug|Any CPU.Build.0 = Debug|Any CPU
		{A40245AE-844D-4A92-B8D4-67F7ABB82786}.Debug|x64.ActiveCfg = Debug|Any CPU
		{A40245AE-844D-4A92-B8D4-67F7ABB82786}.Debug|x64.Build.0 = Debug|Any CPU
		{A40245AE-844D-4A92-B8D4-67F7ABB82786}.Debug|x86.ActiveCfg = Debug|Any CPU
		{A40245AE-844D-4A92-B8D4-67F7ABB82786}.Debug|x86.Build.0 = Debug|Any CPU
		{A40245AE-844D-4A92-B8D4-67F7ABB82786}.Release|Any CPU.ActiveCfg = Release|Any CPU
		{A40245AE-844D-4A92-B8D4-67F7ABB82786}.Release|Any CPU.Build.0 = Release|Any CPU
		{A40245AE-844D-4A92-B8D4-67F7ABB82786}.Release|x64.ActiveCfg = Release|Any CPU
		{A40245AE-844D-4A92-B8D4-67F7ABB82786}.Release|x64.Build.0 = Release|Any CPU
		{A40245AE-844D-4A92-B8D4-67F7ABB82786}.Release|x86.ActiveCfg = Release|Any CPU
		{A40245AE-844D-4A92-B8D4-67F7ABB82786}.Release|x86.Build.0 = Release|Any CPU
		{A40245AE-844D-4A92-B8D4-67F7ABB82786}.uDebug|Any CPU.ActiveCfg = Debug|Any CPU
		{A40245AE-844D-4A92-B8D4-67F7ABB82786}.uDebug|Any CPU.Build.0 = Debug|Any CPU
		{A40245AE-844D-4A92-B8D4-67F7ABB82786}.uDebug|x64.ActiveCfg = Debug|Any CPU
		{A40245AE-844D-4A92-B8D4-67F7ABB82786}.uDebug|x64.Build.0 = Debug|Any CPU
		{A40245AE-844D-4A92-B8D4-67F7ABB82786}.uDebug|x86.ActiveCfg = Debug|Any CPU
		{A40245AE-844D-4A92-B8D4-67F7ABB82786}.uDebug|x86.Build.0 = Debug|Any CPU
		{A40245AE-844D-4A92-B8D4-67F7ABB82786}.uRelease|Any CPU.ActiveCfg = Release|Any CPU
		{A40245AE-844D-4A92-B8D4-67F7ABB82786}.uRelease|Any CPU.Build.0 = Release|Any CPU
		{A40245AE-844D-4A92-B8D4-67F7ABB82786}.uRelease|x64.ActiveCfg = Release|Any CPU
		{A40245AE-844D-4A92-B8D4-67F7ABB82786}.uRelease|x64.Build.0 = Release|Any CPU
		{A40245AE-844D-4A92-B8D4-67F7ABB82786}.uRelease|x86.ActiveCfg = Release|Any CPU
		{A40245AE-844D-4A92-B8D4-67F7ABB82786}.uRelease|x86.Build.0 = Release|Any CPU
		{30353645-A2CD-4C2D-A2C1-B963614DDA08}.Debug|Any CPU.ActiveCfg = Debug|x64
		{30353645-A2CD-4C2D-A2C1-B963614DDA08}.Debug|Any CPU.Build.0 = Debug|x64
		{30353645-A2CD-4C2D-A2C1-B963614DDA08}.Debug|x64.ActiveCfg = Debug|x64
		{30353645-A2CD-4C2D-A2C1-B963614DDA08}.Debug|x64.Build.0 = Debug|x64
		{30353645-A2CD-4C2D-A2C1-B963614DDA08}.Debug|x86.ActiveCfg = Debug|Win32
		{30353645-A2CD-4C2D-A2C1-B963614DDA08}.Debug|x86.Build.0 = Debug|Win32
		{30353645-A2CD-4C2D-A2C1-B963614DDA08}.Release|Any CPU.ActiveCfg = Release|x64
		{30353645-A2CD-4C2D-A2C1-B963614DDA08}.Release|Any CPU.Build.0 = Release|x64
		{30353645-A2CD-4C2D-A2C1-B963614DDA08}.Release|x64.ActiveCfg = Release|x64
		{30353645-A2CD-4C2D-A2C1-B963614DDA08}.Release|x64.Build.0 = Release|x64
		{30353645-A2CD-4C2D-A2C1-B963614DDA08}.Release|x86.ActiveCfg = Release|Win32
		{30353645-A2CD-4C2D-A2C1-B963614DDA08}.Release|x86.Build.0 = Release|Win32
		{30353645-A2CD-4C2D-A2C1-B963614DDA08}.uDebug|Any CPU.ActiveCfg = Debug|x64
		{30353645-A2CD-4C2D-A2C1-B963614DDA08}.uDebug|Any CPU.Build.0 = Debug|x64
		{30353645-A2CD-4C2D-A2C1-B963614DDA08}.uDebug|x64.ActiveCfg = Debug|x64
		{30353645-A2CD-4C2D-A2C1-B963614DDA08}.uDebug|x64.Build.0 = Debug|x64
		{30353645-A2CD-4C2D-A2C1-B963614DDA08}.uDebug|x86.ActiveCfg = Debug|Win32
		{30353645-A2CD-4C2D-A2C1-B963614DDA08}.uDebug|x86.Build.0 = Debug|Win32
		{30353645-A2CD-4C2D-A2C1-B963614DDA08}.uRelease|Any CPU.ActiveCfg = Release|x64
		{30353645-A2CD-4C2D-A2C1-B963614DDA08}.uRelease|Any CPU.Build.0 = Release|x64
		{30353645-A2CD-4C2D-A2C1-B963614DDA08}.uRelease|x64.ActiveCfg = Release|x64
		{30353645-A2CD-4C2D-A2C1-B963614DDA08}.uRelease|x64.Build.0 = Release|x64
		{30353645-A2CD-4C2D-A2C1-B963614DDA08}.uRelease|x86.ActiveCfg = Release|Win32
		{30353645-A2CD-4C2D-A2C1-B963614DDA08}.uRelease|x86.Build.0 = Release|Win32
		{051003BB-2EB0-4590-B2B1-2923F9DD3ABD}.Debug|Any CPU.ActiveCfg = Debug|x64
		{051003BB-2EB0-4590-B2B1-2923F9DD3ABD}.Debug|Any CPU.Build.0 = Debug|x64
		{051003BB-2EB0-4590-B2B1-2923F9DD3ABD}.Debug|x64.ActiveCfg = Debug|x64
		{051003BB-2EB0-4590-B2B1-2923F9DD3ABD}.Debug|x64.Build.0 = Debug|x64
		{051003BB-2EB0-4590-B2B1-2923F9DD3ABD}.Debug|x86.ActiveCfg = Debug|Win32
		{051003BB-2EB0-4590-B2B1-2923F9DD3ABD}.Debug|x86.Build.0 = Debug|Win32
		{051003BB-2EB0-4590-B2B1-2923F9DD3ABD}.Release|Any CPU.ActiveCfg = Release|x64
		{051003BB-2EB0-4590-B2B1-2923F9DD3ABD}.Release|Any CPU.Build.0 = Release|x64
		{051003BB-2EB0-4590-B2B1-2923F9DD3ABD}.Release|x64.ActiveCfg = Release|x64
		{051003BB-2EB0-4590-B2B1-2923F9DD3ABD}.Release|x64.Build.0 = Release|x64
		{051003BB-2EB0-4590-B2B1-2923F9DD3ABD}.Release|x86.ActiveCfg = Release|Win32
		{051003BB-2EB0-4590-B2B1-2923F9DD3ABD}.Release|x86.Build.0 = Release|Win32
		{051003BB-2EB0-4590-B2B1-2923F9DD3ABD}.uDebug|Any CPU.ActiveCfg = Debug|x64
		{051003BB-2EB0-4590-B2B1-2923F9DD3ABD}.uDebug|Any CPU.Build.0 = Debug|x64
		{051003BB-2EB0-4590-B2B1-2923F9DD3ABD}.uDebug|x64.ActiveCfg = Debug|x64
		{051003BB-2EB0-4590-B2B1-2923F9DD3ABD}.uDebug|x64.Build.0 = Debug|x64
		{051003BB-2EB0-4590-B2B1-2923F9DD3ABD}.uDebug|x86.ActiveCfg = Debug|Win32
		{051003BB-2EB0-4590-B2B1-2923F9DD3ABD}.uDebug|x86.Build.0 = Debug|Win32
		{051003BB-2EB0-4590-B2B1-2923F9DD3ABD}.uRelease|Any CPU.ActiveCfg = Release|x64
		{051003BB-2EB0-4590-B2B1-2923F9DD3ABD}.uRelease|Any CPU.Build.0 = Release|x64
		{051003BB-2EB0-4590-B2B1-2923F9DD3ABD}.uRelease|x64.ActiveCfg = Release|x64
		{051003BB-2EB0-4590-B2B1-2923F9DD3ABD}.uRelease|x64.Build.0 = Release|x64
		{051003BB-2EB0-4590-B2B1-2923F9DD3ABD}.uRelease|x86.ActiveCfg = Release|Win32
		{051003BB-2EB0-4590-B2B1-2923F9DD3ABD}.uRelease|x86.Build.0 = Release|Win32
	EndGlobalSection
	GlobalSection(SolutionProperties) = preSolution
		HideSolutionNode = FALSE
	EndGlobalSection
	GlobalSection(ExtensibilityGlobals) = postSolution
		SolutionGuid = {714EBA69-C3D6-4B67-9D2D-35BC55DC86A7}
	EndGlobalSection
EndGlobal
